
Microsoft Visual Studio Solution File, Format Version 12.00
# Visual Studio Version 17
VisualStudioVersion = 17.10.35122.118
MinimumVisualStudioVersion = 10.0.40219.1
Project("{FAE04EC0-301F-11D3-BF4B-00C04F79EFBC}") = "RayCastMultiplayerConsoleServer", "RayCastMultiplayerConsoleServer\RayCastMultiplayerConsoleServer.csproj", "{FE687DFD-A7EB-4D1A-BC2E-799C4EA29173}"
EndProject
Global
	GlobalSection(SolutionConfigurationPlatforms) = preSolution
		Debug|Any CPU = Debug|Any CPU
		Release|Any CPU = Release|Any CPU
	EndGlobalSection
	GlobalSection(ProjectConfigurationPlatforms) = postSolution
		{FE687DFD-A7EB-4D1A-BC2E-799C4EA29173}.Debug|Any CPU.ActiveCfg = Debug|Any CPU
		{FE687DFD-A7EB-4D1A-BC2E-799C4EA29173}.Debug|Any CPU.Build.0 = Debug|Any CPU
		{FE687DFD-A7EB-4D1A-BC2E-799C4EA29173}.Release|Any CPU.ActiveCfg = Release|Any CPU
		{FE687DFD-A7EB-4D1A-BC2E-799C4EA29173}.Release|Any CPU.Build.0 = Release|Any CPU
	EndGlobalSection
	GlobalSection(SolutionProperties) = preSolution
		HideSolutionNode = FALSE
	EndGlobalSection
	GlobalSection(ExtensibilityGlobals) = postSolution
		SolutionGuid = {155773F0-9B7D-4BD9-99C6-4F10933BEF49}
	EndGlobalSection
EndGlobal
